
Microsoft Visual Studio Solution File, Format Version 12.00
# Visual Studio 14
VisualStudioVersion = 14.0.25420.1
MinimumVisualStudioVersion = 10.0.40219.1
Project("{FAE04EC0-301F-11D3-BF4B-00C04F79EFBC}") = "DirectMappedCache", "DirectMappedCache\DirectMappedCache.csproj", "{839A0BA9-7652-477F-95CD-17002599FEDA}"
EndProject
Project("{FAE04EC0-301F-11D3-BF4B-00C04F79EFBC}") = "FullyAssociativeCache", "FullyAssociativeCache\FullyAssociativeCache.csproj", "{3C6D0C9C-A64B-45D6-B823-E26DD29E5999}"
EndProject
Project("{FAE04EC0-301F-11D3-BF4B-00C04F79EFBC}") = "SetAssociativeCache", "SetAssociativeCache\SetAssociativeCache.csproj", "{F064EFC7-C7D4-456D-ABAA-F2859AAE7904}"
EndProject
Global
	GlobalSection(SolutionConfigurationPlatforms) = preSolution
		Debug|Any CPU = Debug|Any CPU
		Release|Any CPU = Release|Any CPU
	EndGlobalSection
	GlobalSection(ProjectConfigurationPlatforms) = postSolution
		{839A0BA9-7652-477F-95CD-17002599FEDA}.Debug|Any CPU.ActiveCfg = Debug|Any CPU
		{839A0BA9-7652-477F-95CD-17002599FEDA}.Debug|Any CPU.Build.0 = Debug|Any CPU
		{839A0BA9-7652-477F-95CD-17002599FEDA}.Release|Any CPU.ActiveCfg = Release|Any CPU
		{839A0BA9-7652-477F-95CD-17002599FEDA}.Release|Any CPU.Build.0 = Release|Any CPU
		{3C6D0C9C-A64B-45D6-B823-E26DD29E5999}.Debug|Any CPU.ActiveCfg = Debug|Any CPU
		{3C6D0C9C-A64B-45D6-B823-E26DD29E5999}.Debug|Any CPU.Build.0 = Debug|Any CPU
		{3C6D0C9C-A64B-45D6-B823-E26DD29E5999}.Release|Any CPU.ActiveCfg = Release|Any CPU
		{3C6D0C9C-A64B-45D6-B823-E26DD29E5999}.Release|Any CPU.Build.0 = Release|Any CPU
		{F064EFC7-C7D4-456D-ABAA-F2859AAE7904}.Debug|Any CPU.ActiveCfg = Debug|Any CPU
		{F064EFC7-C7D4-456D-ABAA-F2859AAE7904}.Debug|Any CPU.Build.0 = Debug|Any CPU
		{F064EFC7-C7D4-456D-ABAA-F2859AAE7904}.Release|Any CPU.ActiveCfg = Release|Any CPU
		{F064EFC7-C7D4-456D-ABAA-F2859AAE7904}.Release|Any CPU.Build.0 = Release|Any CPU
	EndGlobalSection
	GlobalSection(SolutionProperties) = preSolution
		HideSolutionNode = FALSE
	EndGlobalSection
EndGlobal
